
Microsoft Visual Studio Solution File, Format Version 12.00
# Visual Studio Version 17
VisualStudioVersion = 17.14.37216.2 d17.14
MinimumVisualStudioVersion = 10.0.40219.1
Project("{00D1A9C2-B5F0-4AF3-8072-F6C62B433612}") = "PROYECTOBD", "PROYECTOBD.sqlproj", "{8C3BDFAE-6CEF-43DF-A481-F77811A19FE8}"
EndProject
Global
	GlobalSection(SolutionConfigurationPlatforms) = preSolution
		Debug|Any CPU = Debug|Any CPU
		Release|Any CPU = Release|Any CPU
	EndGlobalSection
	GlobalSection(ProjectConfigurationPlatforms) = postSolution
		{8C3BDFAE-6CEF-43DF-A481-F77811A19FE8}.Debug|Any CPU.ActiveCfg = Debug|Any CPU
		{8C3BDFAE-6CEF-43DF-A481-F77811A19FE8}.Debug|Any CPU.Build.0 = Debug|Any CPU
		{8C3BDFAE-6CEF-43DF-A481-F77811A19FE8}.Debug|Any CPU.Deploy.0 = Debug|Any CPU
		{8C3BDFAE-6CEF-43DF-A481-F77811A19FE8}.Release|Any CPU.ActiveCfg = Release|Any CPU
		{8C3BDFAE-6CEF-43DF-A481-F77811A19FE8}.Release|Any CPU.Build.0 = Release|Any CPU
		{8C3BDFAE-6CEF-43DF-A481-F77811A19FE8}.Release|Any CPU.Deploy.0 = Release|Any CPU
	EndGlobalSection
	GlobalSection(SolutionProperties) = preSolution
		HideSolutionNode = FALSE
	EndGlobalSection
	GlobalSection(ExtensibilityGlobals) = postSolution
		SolutionGuid = {A1EB4E6D-80C5-44B5-87C9-A5131C55017C}
	EndGlobalSection
EndGlobal
